{
  "name": "flexradio-js",
  "version": "0.3.9",
  "lockfileVersion": 1,
  "requires": true,
  "dependencies": {
    "vita49-js": {
      "version": "0.1.3",
      "resolved": "https://registry.npmjs.org/vita49-js/-/vita49-js-0.1.3.tgz",
      "integrity": "sha512-eAqmbiGNYa3HKK+wy2282xH5ISCrxo+cb5V5dn6uNZda2Yb0/xS8Z0aX9z6cQyrq3V6LFGJUdPVSc1k1BDTD4g=="
    }
  }
}
