{
  "name": "flexradio-js",
  "version": "0.6.0",
  "lockfileVersion": 1,
  "requires": true,
  "dependencies": {
    "@types/node": {
      "version": "10.17.60",
      "resolved": "https://registry.npmjs.org/@types/node/-/node-10.17.60.tgz",
      "integrity": "sha512-F0KIgDJfy2nA3zMLmWGKxcH2ZVEtCZXHHdOQs2gSaQ27+lNeEfGxzkIw90aXswATX7AZ33tahPbzy6KAfUreVw==",
      "dev": true
    },
    "nan": {
      "version": "2.15.0",
      "resolved": "https://registry.npmjs.org/nan/-/nan-2.15.0.tgz",
      "integrity": "sha512-8ZtvEnA2c5aYCZYd1cvgdnU6cqwixRoYg70xPLWUws5ORTa/lnw+u4amixRS/Ac5U5mQVgp9pnlSUnbNWFaWZQ==",
      "dev": true
    },
    "pcap": {
      "version": "github:node-pcap/node_pcap#5a88ce16b4e83cd7120008c993ed2c59de55f50c",
      "from": "github:node-pcap/node_pcap",
      "dev": true,
      "requires": {
        "@types/node": "^10.0.0",
        "nan": "^2.14.0"
      }
    },
    "pegjs": {
      "version": "0.10.0",
      "resolved": "https://registry.npmjs.org/pegjs/-/pegjs-0.10.0.tgz",
      "integrity": "sha1-z4uvrm7d/0tafvsYUmnqr0YQ3b0=",
      "dev": true
    },
    "vita49-js": {
      "version": "0.6.0",
      "resolved": "https://registry.npmjs.org/vita49-js/-/vita49-js-0.6.0.tgz",
      "integrity": "sha512-COyGoJutyuX38URHeY3D6tf8IEs6uncHXDqx40rmD8FDNzB1GWtpN2aR/IjQn7S0bhMHFGLvZPslPQB8S7hb+Q=="
    }
  }
}
